<Solution>
  <Folder Name="/src/">
    <Project Path="src/MyEfVibe/MyEfVibe.csproj" />
  </Folder>
  <Folder Name="/tests/">
    <Project Path="tests/MyEfVibe.Tests/MyEfVibe.Tests.csproj" />
    <Project Path="tests/MyEfVibe.IntegrationTests/MyEfVibe.IntegrationTests.csproj" />
  </Folder>
</Solution>
